
Microsoft Visual Studio Solution File, Format Version 12.00
# Visual Studio Version 16
VisualStudioVersion = 16.0.31624.102
MinimumVisualStudioVersion = 10.0.40219.1
Project("{FAE04EC0-301F-11D3-BF4B-00C04F79EFBC}") = "WebApi", "WebApi\WebApi.csproj", "{72FF8806-2633-4169-A159-55866906DF12}"
EndProject
Project("{2150E333-8FDC-42A3-9474-1A3956D46DE8}") = "01.WebApi", "01.WebApi", "{8E5970D6-E478-45D5-A4E3-C78295E39EFC}"
EndProject
Project("{2150E333-8FDC-42A3-9474-1A3956D46DE8}") = "02.Manager", "02.Manager", "{8ED18CDB-3ED3-49A2-9497-339426A0ABF5}"
EndProject
Project("{2150E333-8FDC-42A3-9474-1A3956D46DE8}") = "03.Data", "03.Data", "{F0E9AE24-C867-41D4-8217-BF56E0D0B6B7}"
EndProject
Project("{2150E333-8FDC-42A3-9474-1A3956D46DE8}") = "04.Core", "04.Core", "{559F754F-62DD-4D15-A640-7B73E9A464B7}"
EndProject
Project("{2150E333-8FDC-42A3-9474-1A3956D46DE8}") = "05.Tests", "05.Tests", "{E0CE5509-004B-4EE4-936F-A10EE2EADE45}"
EndProject
Project("{FAE04EC0-301F-11D3-BF4B-00C04F79EFBC}") = "Manager", "Manager\Manager.csproj", "{8340FFA7-5CED-404A-8E72-399342A569A1}"
EndProject
Project("{FAE04EC0-301F-11D3-BF4B-00C04F79EFBC}") = "Data", "Data\Data.csproj", "{7B415194-CFC2-4FF9-84F6-A58BB1F53C20}"
EndProject
Project("{FAE04EC0-301F-11D3-BF4B-00C04F79EFBC}") = "Core", "Core\Core.csproj", "{28AB41DD-3EF6-4C89-A573-738E342FA70C}"
EndProject
Project("{FAE04EC0-301F-11D3-BF4B-00C04F79EFBC}") = "Tests", "Tests\Tests.csproj", "{14F34580-5468-454E-9382-6EB808ACB9FD}"
EndProject
Global
	GlobalSection(SolutionConfigurationPlatforms) = preSolution
		Debug|Any CPU = Debug|Any CPU
		Release|Any CPU = Release|Any CPU
	EndGlobalSection
	GlobalSection(ProjectConfigurationPlatforms) = postSolution
		{72FF8806-2633-4169-A159-55866906DF12}.Debug|Any CPU.ActiveCfg = Debug|Any CPU
		{72FF8806-2633-4169-A159-55866906DF12}.Debug|Any CPU.Build.0 = Debug|Any CPU
		{72FF8806-2633-4169-A159-55866906DF12}.Release|Any CPU.ActiveCfg = Release|Any CPU
		{72FF8806-2633-4169-A159-55866906DF12}.Release|Any CPU.Build.0 = Release|Any CPU
		{8340FFA7-5CED-404A-8E72-399342A569A1}.Debug|Any CPU.ActiveCfg = Debug|Any CPU
		{8340FFA7-5CED-404A-8E72-399342A569A1}.Debug|Any CPU.Build.0 = Debug|Any CPU
		{8340FFA7-5CED-404A-8E72-399342A569A1}.Release|Any CPU.ActiveCfg = Release|Any CPU
		{8340FFA7-5CED-404A-8E72-399342A569A1}.Release|Any CPU.Build.0 = Release|Any CPU
		{7B415194-CFC2-4FF9-84F6-A58BB1F53C20}.Debug|Any CPU.ActiveCfg = Debug|Any CPU
		{7B415194-CFC2-4FF9-84F6-A58BB1F53C20}.Debug|Any CPU.Build.0 = Debug|Any CPU
		{7B415194-CFC2-4FF9-84F6-A58BB1F53C20}.Release|Any CPU.ActiveCfg = Release|Any CPU
		{7B415194-CFC2-4FF9-84F6-A58BB1F53C20}.Release|Any CPU.Build.0 = Release|Any CPU
		{28AB41DD-3EF6-4C89-A573-738E342FA70C}.Debug|Any CPU.ActiveCfg = Debug|Any CPU
		{28AB41DD-3EF6-4C89-A573-738E342FA70C}.Debug|Any CPU.Build.0 = Debug|Any CPU
		{28AB41DD-3EF6-4C89-A573-738E342FA70C}.Release|Any CPU.ActiveCfg = Release|Any CPU
		{28AB41DD-3EF6-4C89-A573-738E342FA70C}.Release|Any CPU.Build.0 = Release|Any CPU
		{14F34580-5468-454E-9382-6EB808ACB9FD}.Debug|Any CPU.ActiveCfg = Debug|Any CPU
		{14F34580-5468-454E-9382-6EB808ACB9FD}.Debug|Any CPU.Build.0 = Debug|Any CPU
		{14F34580-5468-454E-9382-6EB808ACB9FD}.Release|Any CPU.ActiveCfg = Release|Any CPU
		{14F34580-5468-454E-9382-6EB808ACB9FD}.Release|Any CPU.Build.0 = Release|Any CPU
	EndGlobalSection
	GlobalSection(SolutionProperties) = preSolution
		HideSolutionNode = FALSE
	EndGlobalSection
	GlobalSection(NestedProjects) = preSolution
		{72FF8806-2633-4169-A159-55866906DF12} = {8E5970D6-E478-45D5-A4E3-C78295E39EFC}
		{8340FFA7-5CED-404A-8E72-399342A569A1} = {8ED18CDB-3ED3-49A2-9497-339426A0ABF5}
		{7B415194-CFC2-4FF9-84F6-A58BB1F53C20} = {F0E9AE24-C867-41D4-8217-BF56E0D0B6B7}
		{28AB41DD-3EF6-4C89-A573-738E342FA70C} = {559F754F-62DD-4D15-A640-7B73E9A464B7}
		{14F34580-5468-454E-9382-6EB808ACB9FD} = {E0CE5509-004B-4EE4-936F-A10EE2EADE45}
	EndGlobalSection
	GlobalSection(ExtensibilityGlobals) = postSolution
		SolutionGuid = {514099B0-3AF1-4B7E-9FD3-2EC8EFAC37B8}
	EndGlobalSection
EndGlobal
